
Microsoft Visual Studio Solution File, Format Version 12.00
# Visual Studio Version 16
VisualStudioVersion = 16.0.31729.503
MinimumVisualStudioVersion = 10.0.40219.1
Project("{8BC9CEB8-8B4A-11D0-8D11-00A0C91BC942}") = "常见关键字2022_3_5", "常见关键字2022_3_5.vcxproj", "{F52CE6EB-2590-4528-B856-3C8E0A56A2D1}"
EndProject
Global
	GlobalSection(SolutionConfigurationPlatforms) = preSolution
		Debug|x64 = Debug|x64
		Debug|x86 = Debug|x86
		Release|x64 = Release|x64
		Release|x86 = Release|x86
	EndGlobalSection
	GlobalSection(ProjectConfigurationPlatforms) = postSolution
		{F52CE6EB-2590-4528-B856-3C8E0A56A2D1}.Debug|x64.ActiveCfg = Debug|x64
		{F52CE6EB-2590-4528-B856-3C8E0A56A2D1}.Debug|x64.Build.0 = Debug|x64
		{F52CE6EB-2590-4528-B856-3C8E0A56A2D1}.Debug|x86.ActiveCfg = Debug|Win32
		{F52CE6EB-2590-4528-B856-3C8E0A56A2D1}.Debug|x86.Build.0 = Debug|Win32
		{F52CE6EB-2590-4528-B856-3C8E0A56A2D1}.Release|x64.ActiveCfg = Release|x64
		{F52CE6EB-2590-4528-B856-3C8E0A56A2D1}.Release|x64.Build.0 = Release|x64
		{F52CE6EB-2590-4528-B856-3C8E0A56A2D1}.Release|x86.ActiveCfg = Release|Win32
		{F52CE6EB-2590-4528-B856-3C8E0A56A2D1}.Release|x86.Build.0 = Release|Win32
	EndGlobalSection
	GlobalSection(SolutionProperties) = preSolution
		HideSolutionNode = FALSE
	EndGlobalSection
	GlobalSection(ExtensibilityGlobals) = postSolution
		SolutionGuid = {852FDAC2-A4E0-4796-ABBA-2ADE973C63E5}
	EndGlobalSection
EndGlobal
