
Microsoft Visual Studio Solution File, Format Version 12.00
# Visual Studio Version 16
VisualStudioVersion = 16.0.31729.503
MinimumVisualStudioVersion = 10.0.40219.1
Project("{8BC9CEB8-8B4A-11D0-8D11-00A0C91BC942}") = "dowhile", "dowhile.vcxproj", "{BC7E88D0-0EB5-49D0-88B3-8F7B91D69AE0}"
EndProject
Global
	GlobalSection(SolutionConfigurationPlatforms) = preSolution
		Debug|x64 = Debug|x64
		Debug|x86 = Debug|x86
		Release|x64 = Release|x64
		Release|x86 = Release|x86
	EndGlobalSection
	GlobalSection(ProjectConfigurationPlatforms) = postSolution
		{BC7E88D0-0EB5-49D0-88B3-8F7B91D69AE0}.Debug|x64.ActiveCfg = Debug|x64
		{BC7E88D0-0EB5-49D0-88B3-8F7B91D69AE0}.Debug|x64.Build.0 = Debug|x64
		{BC7E88D0-0EB5-49D0-88B3-8F7B91D69AE0}.Debug|x86.ActiveCfg = Debug|Win32
		{BC7E88D0-0EB5-49D0-88B3-8F7B91D69AE0}.Debug|x86.Build.0 = Debug|Win32
		{BC7E88D0-0EB5-49D0-88B3-8F7B91D69AE0}.Release|x64.ActiveCfg = Release|x64
		{BC7E88D0-0EB5-49D0-88B3-8F7B91D69AE0}.Release|x64.Build.0 = Release|x64
		{BC7E88D0-0EB5-49D0-88B3-8F7B91D69AE0}.Release|x86.ActiveCfg = Release|Win32
		{BC7E88D0-0EB5-49D0-88B3-8F7B91D69AE0}.Release|x86.Build.0 = Release|Win32
	EndGlobalSection
	GlobalSection(SolutionProperties) = preSolution
		HideSolutionNode = FALSE
	EndGlobalSection
	GlobalSection(ExtensibilityGlobals) = postSolution
		SolutionGuid = {E5CCB2FB-1B9B-4257-8BC3-7DE084CA4ED3}
	EndGlobalSection
EndGlobal
